
Microsoft Visual Studio Solution File, Format Version 12.00
# Visual Studio 15
VisualStudioVersion = 15.0.28010.2003
MinimumVisualStudioVersion = 10.0.40219.1
Project("{FAE04EC0-301F-11D3-BF4B-00C04F79EFBC}") = "SingleWordSearch", "SingleWordSearch\SingleWordSearch.csproj", "{834F5532-D1C0-4AE7-8E66-B26551665805}"
EndProject
Global
	GlobalSection(SolutionConfigurationPlatforms) = preSolution
		Debug|Any CPU = Debug|Any CPU
		Release|Any CPU = Release|Any CPU
	EndGlobalSection
	GlobalSection(ProjectConfigurationPlatforms) = postSolution
		{834F5532-D1C0-4AE7-8E66-B26551665805}.Debug|Any CPU.ActiveCfg = Debug|Any CPU
		{834F5532-D1C0-4AE7-8E66-B26551665805}.Debug|Any CPU.Build.0 = Debug|Any CPU
		{834F5532-D1C0-4AE7-8E66-B26551665805}.Release|Any CPU.ActiveCfg = Release|Any CPU
		{834F5532-D1C0-4AE7-8E66-B26551665805}.Release|Any CPU.Build.0 = Release|Any CPU
	EndGlobalSection
	GlobalSection(SolutionProperties) = preSolution
		HideSolutionNode = FALSE
	EndGlobalSection
	GlobalSection(ExtensibilityGlobals) = postSolution
		SolutionGuid = {AF1B0935-9522-480C-A1BF-DFB4FF3A5577}
	EndGlobalSection
EndGlobal
